
Microsoft Visual Studio Solution File, Format Version 12.00
# Visual Studio Version 16
VisualStudioVersion = 16.0.30011.22
MinimumVisualStudioVersion = 10.0.40219.1
Project("{FAE04EC0-301F-11D3-BF4B-00C04F79EFBC}") = "TestApp", "TestApp\TestApp.csproj", "{B3303E08-396D-422A-B42F-D97812A45207}"
EndProject
Global
	GlobalSection(SolutionConfigurationPlatforms) = preSolution
		Debug|Any CPU = Debug|Any CPU
		Release|Any CPU = Release|Any CPU
	EndGlobalSection
	GlobalSection(ProjectConfigurationPlatforms) = postSolution
		{B3303E08-396D-422A-B42F-D97812A45207}.Debug|Any CPU.ActiveCfg = Debug|Any CPU
		{B3303E08-396D-422A-B42F-D97812A45207}.Debug|Any CPU.Build.0 = Debug|Any CPU
		{B3303E08-396D-422A-B42F-D97812A45207}.Release|Any CPU.ActiveCfg = Release|Any CPU
		{B3303E08-396D-422A-B42F-D97812A45207}.Release|Any CPU.Build.0 = Release|Any CPU
	EndGlobalSection
	GlobalSection(SolutionProperties) = preSolution
		HideSolutionNode = FALSE
	EndGlobalSection
	GlobalSection(ExtensibilityGlobals) = postSolution
		SolutionGuid = {C7FBED17-37ED-47FA-A278-244009422FDA}
	EndGlobalSection
EndGlobal
